
Microsoft Visual Studio Solution File, Format Version 12.00
# Visual Studio Version 16
VisualStudioVersion = 16.0.31605.320
MinimumVisualStudioVersion = 10.0.40219.1
Project("{FAE04EC0-301F-11D3-BF4B-00C04F79EFBC}") = "MvcMovie", "MvcMovie.csproj", "{665BEBDB-2D4C-4F99-880E-A6F04DA7B6F1}"
EndProject
Global
	GlobalSection(SolutionConfigurationPlatforms) = preSolution
		Debug|Any CPU = Debug|Any CPU
		Release|Any CPU = Release|Any CPU
	EndGlobalSection
	GlobalSection(ProjectConfigurationPlatforms) = postSolution
		{665BEBDB-2D4C-4F99-880E-A6F04DA7B6F1}.Debug|Any CPU.ActiveCfg = Debug|Any CPU
		{665BEBDB-2D4C-4F99-880E-A6F04DA7B6F1}.Debug|Any CPU.Build.0 = Debug|Any CPU
		{665BEBDB-2D4C-4F99-880E-A6F04DA7B6F1}.Release|Any CPU.ActiveCfg = Release|Any CPU
		{665BEBDB-2D4C-4F99-880E-A6F04DA7B6F1}.Release|Any CPU.Build.0 = Release|Any CPU
	EndGlobalSection
	GlobalSection(SolutionProperties) = preSolution
		HideSolutionNode = FALSE
	EndGlobalSection
	GlobalSection(ExtensibilityGlobals) = postSolution
		SolutionGuid = {C10C8F57-CF17-47E9-8002-D57CC9B62CE6}
	EndGlobalSection
EndGlobal
